
Microsoft Visual Studio Solution File, Format Version 12.00
# Visual Studio Version 17
VisualStudioVersion = 17.5.002.0
MinimumVisualStudioVersion = 10.0.40219.1
Project("{9A19103F-16F7-4668-BE54-9A1E7A4F7556}") = "Events.IO.Application", "Events.IO.Application.csproj", "{65E642C6-8C4C-4DF7-806D-B54C7D05104D}"
EndProject
Global
	GlobalSection(SolutionConfigurationPlatforms) = preSolution
		Debug|Any CPU = Debug|Any CPU
		Release|Any CPU = Release|Any CPU
	EndGlobalSection
	GlobalSection(ProjectConfigurationPlatforms) = postSolution
		{65E642C6-8C4C-4DF7-806D-B54C7D05104D}.Debug|Any CPU.ActiveCfg = Debug|Any CPU
		{65E642C6-8C4C-4DF7-806D-B54C7D05104D}.Debug|Any CPU.Build.0 = Debug|Any CPU
		{65E642C6-8C4C-4DF7-806D-B54C7D05104D}.Release|Any CPU.ActiveCfg = Release|Any CPU
		{65E642C6-8C4C-4DF7-806D-B54C7D05104D}.Release|Any CPU.Build.0 = Release|Any CPU
	EndGlobalSection
	GlobalSection(SolutionProperties) = preSolution
		HideSolutionNode = FALSE
	EndGlobalSection
	GlobalSection(ExtensibilityGlobals) = postSolution
		SolutionGuid = {5460EE62-89D9-4AC3-9980-1D1880619F30}
	EndGlobalSection
EndGlobal
